// !$*UTF8*$!
{
	archiveVersion = 1;
	classes = {
	};
	objectVersion = 50;
	objects = {

/* Begin PBXBuildFile section */
		53B60C627911E916EEE7FCB8 /* libPods-TradeMeBrowse.a in Frameworks */ = {isa = PBXBuildFile; fileRef = 9CBB092921917E0F00213185 /* libPods-TradeMeBrowse.a */; };
		664A5FFB02BFF9A94A26BB4F /* libPods-TradeMeBrowse.a in Frameworks */ = {isa = PBXBuildFile; fileRef = EC471FBE42AEE4F9BF044B43 /* libPods-TradeMeBrowse.a */; };
		6B342E4407C7C59BDB0CCD02 /* libPods-TradeMeBrowseTests.a in Frameworks */ = {isa = PBXBuildFile; fileRef = 627F8D42D454B52E23537ECB /* libPods-TradeMeBrowseTests.a */; };
		9C2FF364218E765E0098072B /* ListingViewController.swift in Sources */ = {isa = PBXBuildFile; fileRef = 9C2FF363218E765E0098072B /* ListingViewController.swift */; };
		9C2FF367218E92030098072B /* ListDetailCell.swift in Sources */ = {isa = PBXBuildFile; fileRef = 9C2FF365218E92030098072B /* ListDetailCell.swift */; };
		9C2FF368218E92030098072B /* ListDetailCell.xib in Resources */ = {isa = PBXBuildFile; fileRef = 9C2FF366218E92030098072B /* ListDetailCell.xib */; };
		9C9EEF84218D418700841A98 /* AppDelegate.swift in Sources */ = {isa = PBXBuildFile; fileRef = 9C9EEF83218D418700841A98 /* AppDelegate.swift */; };
		9C9EEF89218D418700841A98 /* Main.storyboard in Resources */ = {isa = PBXBuildFile; fileRef = 9C9EEF87218D418700841A98 /* Main.storyboard */; };
		9C9EEF8B218D418900841A98 /* Assets.xcassets in Resources */ = {isa = PBXBuildFile; fileRef = 9C9EEF8A218D418900841A98 /* Assets.xcassets */; };
		9C9EEF8E218D418900841A98 /* LaunchScreen.storyboard in Resources */ = {isa = PBXBuildFile; fileRef = 9C9EEF8C218D418900841A98 /* LaunchScreen.storyboard */; };
		9C9EEF96218D490600841A98 /* Script.sh in Resources */ = {isa = PBXBuildFile; fileRef = 9C9EEF95218D490600841A98 /* Script.sh */; };
		9C9EEF99218D697A00841A98 /* CategoryModel.swift in Sources */ = {isa = PBXBuildFile; fileRef = 9C9EEF98218D697A00841A98 /* CategoryModel.swift */; };
		9C9EEF9D218D7BF800841A98 /* ListingModel.swift in Sources */ = {isa = PBXBuildFile; fileRef = 9C9EEF9C218D7BF800841A98 /* ListingModel.swift */; };
		9C9EEFA1218D838A00841A98 /* HomeViewController.swift in Sources */ = {isa = PBXBuildFile; fileRef = 9C9EEFA0218D838A00841A98 /* HomeViewController.swift */; };
		9C9EEFA4218D85D900841A98 /* CategoryCell.swift in Sources */ = {isa = PBXBuildFile; fileRef = 9C9EEFA2218D85D900841A98 /* CategoryCell.swift */; };
		9C9EEFA7218D8A7E00841A98 /* ContentLayout.swift in Sources */ = {isa = PBXBuildFile; fileRef = 9C9EEFA6218D8A7E00841A98 /* ContentLayout.swift */; };
		9C9EEFAD218DBF3100841A98 /* CategoryCell.xib in Resources */ = {isa = PBXBuildFile; fileRef = 9C9EEFAC218DBF3100841A98 /* CategoryCell.xib */; };
		9C9EEFAF218DC3FF00841A98 /* ModelManager.swift in Sources */ = {isa = PBXBuildFile; fileRef = 9C9EEFAE218DC3FF00841A98 /* ModelManager.swift */; };
		9CBB090721915A3300213185 /* ItemDetailsModel.swift in Sources */ = {isa = PBXBuildFile; fileRef = 9CBB090621915A3300213185 /* ItemDetailsModel.swift */; };
		9CBB091A219167D200213185 /* DetailsViewController.swift in Sources */ = {isa = PBXBuildFile; fileRef = 9CBB0919219167D200213185 /* DetailsViewController.swift */; };
		9CBB092221917DF200213185 /* TradeMeBrowseTests.swift in Sources */ = {isa = PBXBuildFile; fileRef = 9CBB092121917DF200213185 /* TradeMeBrowseTests.swift */; };
/* End PBXBuildFile section */

/* Begin PBXContainerItemProxy section */
		9CBB092421917DF200213185 /* PBXContainerItemProxy */ = {
			isa = PBXContainerItemProxy;
			containerPortal = 9C9EEF78218D418700841A98 /* Project object */;
			proxyType = 1;
			remoteGlobalIDString = 9C9EEF7F218D418700841A98;
			remoteInfo = TradeMeBrowse;
		};
/* End PBXContainerItemProxy section */

/* Begin PBXFileReference section */
		627F8D42D454B52E23537ECB /* libPods-TradeMeBrowseTests.a */ = {isa = PBXFileReference; explicitFileType = archive.ar; includeInIndex = 0; path = "libPods-TradeMeBrowseTests.a"; sourceTree = BUILT_PRODUCTS_DIR; };
		67352640E3FF050EC551E12F /* Pods-TradeMeBrowse.release.xcconfig */ = {isa = PBXFileReference; includeInIndex = 1; lastKnownFileType = text.xcconfig; name = "Pods-TradeMeBrowse.release.xcconfig"; path = "Pods/Target Support Files/Pods-TradeMeBrowse/Pods-TradeMeBrowse.release.xcconfig"; sourceTree = "<group>"; };
		7491FA24D5411014357FD67B /* Pods-TradeMeBrowseTests.debug.xcconfig */ = {isa = PBXFileReference; includeInIndex = 1; lastKnownFileType = text.xcconfig; name = "Pods-TradeMeBrowseTests.debug.xcconfig"; path = "Pods/Target Support Files/Pods-TradeMeBrowseTests/Pods-TradeMeBrowseTests.debug.xcconfig"; sourceTree = "<group>"; };
		9C2FF363218E765E0098072B /* ListingViewController.swift */ = {isa = PBXFileReference; lastKnownFileType = sourcecode.swift; path = ListingViewController.swift; sourceTree = "<group>"; };
		9C2FF365218E92030098072B /* ListDetailCell.swift */ = {isa = PBXFileReference; lastKnownFileType = sourcecode.swift; path = ListDetailCell.swift; sourceTree = "<group>"; };
		9C2FF366218E92030098072B /* ListDetailCell.xib */ = {isa = PBXFileReference; lastKnownFileType = file.xib; path = ListDetailCell.xib; sourceTree = "<group>"; };
		9C9EEF80218D418700841A98 /* TradeMeBrowse.app */ = {isa = PBXFileReference; explicitFileType = wrapper.application; includeInIndex = 0; path = TradeMeBrowse.app; sourceTree = BUILT_PRODUCTS_DIR; };
		9C9EEF83218D418700841A98 /* AppDelegate.swift */ = {isa = PBXFileReference; lastKnownFileType = sourcecode.swift; path = AppDelegate.swift; sourceTree = "<group>"; };
		9C9EEF88218D418700841A98 /* Base */ = {isa = PBXFileReference; lastKnownFileType = file.storyboard; name = Base; path = Base.lproj/Main.storyboard; sourceTree = "<group>"; };
		9C9EEF8A218D418900841A98 /* Assets.xcassets */ = {isa = PBXFileReference; lastKnownFileType = folder.assetcatalog; path = Assets.xcassets; sourceTree = "<group>"; };
		9C9EEF8D218D418900841A98 /* Base */ = {isa = PBXFileReference; lastKnownFileType = file.storyboard; name = Base; path = Base.lproj/LaunchScreen.storyboard; sourceTree = "<group>"; };
		9C9EEF8F218D418900841A98 /* Info.plist */ = {isa = PBXFileReference; lastKnownFileType = text.plist.xml; path = Info.plist; sourceTree = "<group>"; };
		9C9EEF95218D490600841A98 /* Script.sh */ = {isa = PBXFileReference; fileEncoding = 4; lastKnownFileType = text.script.sh; path = Script.sh; sourceTree = SOURCE_ROOT; };
		9C9EEF98218D697A00841A98 /* CategoryModel.swift */ = {isa = PBXFileReference; lastKnownFileType = sourcecode.swift; path = CategoryModel.swift; sourceTree = "<group>"; };
		9C9EEF9C218D7BF800841A98 /* ListingModel.swift */ = {isa = PBXFileReference; lastKnownFileType = sourcecode.swift; path = ListingModel.swift; sourceTree = "<group>"; };
		9C9EEFA0218D838A00841A98 /* HomeViewController.swift */ = {isa = PBXFileReference; lastKnownFileType = sourcecode.swift; path = HomeViewController.swift; sourceTree = "<group>"; };
		9C9EEFA2218D85D900841A98 /* CategoryCell.swift */ = {isa = PBXFileReference; lastKnownFileType = sourcecode.swift; path = CategoryCell.swift; sourceTree = "<group>"; };
		9C9EEFA6218D8A7E00841A98 /* ContentLayout.swift */ = {isa = PBXFileReference; lastKnownFileType = sourcecode.swift; path = ContentLayout.swift; sourceTree = "<group>"; };
		9C9EEFAC218DBF3100841A98 /* CategoryCell.xib */ = {isa = PBXFileReference; lastKnownFileType = file.xib; path = CategoryCell.xib; sourceTree = "<group>"; };
		9C9EEFAE218DC3FF00841A98 /* ModelManager.swift */ = {isa = PBXFileReference; lastKnownFileType = sourcecode.swift; path = ModelManager.swift; sourceTree = "<group>"; };
		9CBB090621915A3300213185 /* ItemDetailsModel.swift */ = {isa = PBXFileReference; lastKnownFileType = sourcecode.swift; path = ItemDetailsModel.swift; sourceTree = "<group>"; };
		9CBB0919219167D200213185 /* DetailsViewController.swift */ = {isa = PBXFileReference; lastKnownFileType = sourcecode.swift; path = DetailsViewController.swift; sourceTree = "<group>"; };
		9CBB091F21917DF200213185 /* TradeMeBrowseTests.xctest */ = {isa = PBXFileReference; explicitFileType = wrapper.cfbundle; includeInIndex = 0; path = TradeMeBrowseTests.xctest; sourceTree = BUILT_PRODUCTS_DIR; };
		9CBB092121917DF200213185 /* TradeMeBrowseTests.swift */ = {isa = PBXFileReference; lastKnownFileType = sourcecode.swift; path = TradeMeBrowseTests.swift; sourceTree = "<group>"; };
		9CBB092321917DF200213185 /* Info.plist */ = {isa = PBXFileReference; lastKnownFileType = text.plist.xml; path = Info.plist; sourceTree = "<group>"; };
		9CBB092921917E0F00213185 /* libPods-TradeMeBrowse.a */ = {isa = PBXFileReference; explicitFileType = archive.ar; path = "libPods-TradeMeBrowse.a"; sourceTree = BUILT_PRODUCTS_DIR; };
		9CBB092B21917EC300213185 /* libAlamofire.a */ = {isa = PBXFileReference; explicitFileType = archive.ar; path = libAlamofire.a; sourceTree = BUILT_PRODUCTS_DIR; };
		9CBB092D2191804B00213185 /* libAlamofireImage.a */ = {isa = PBXFileReference; explicitFileType = archive.ar; path = libAlamofireImage.a; sourceTree = BUILT_PRODUCTS_DIR; };
		D4C67AF7E2D03166946695ED /* Pods-TradeMeBrowseTests.release.xcconfig */ = {isa = PBXFileReference; includeInIndex = 1; lastKnownFileType = text.xcconfig; name = "Pods-TradeMeBrowseTests.release.xcconfig"; path = "Pods/Target Support Files/Pods-TradeMeBrowseTests/Pods-TradeMeBrowseTests.release.xcconfig"; sourceTree = "<group>"; };
		EC471FBE42AEE4F9BF044B43 /* libPods-TradeMeBrowse.a */ = {isa = PBXFileReference; explicitFileType = archive.ar; includeInIndex = 0; path = "libPods-TradeMeBrowse.a"; sourceTree = BUILT_PRODUCTS_DIR; };
		F0F6206FE8ACB29464C90D51 /* Pods-TradeMeBrowse.debug.xcconfig */ = {isa = PBXFileReference; includeInIndex = 1; lastKnownFileType = text.xcconfig; name = "Pods-TradeMeBrowse.debug.xcconfig"; path = "Pods/Target Support Files/Pods-TradeMeBrowse/Pods-TradeMeBrowse.debug.xcconfig"; sourceTree = "<group>"; };
/* End PBXFileReference section */

/* Begin PBXFrameworksBuildPhase section */
		9C9EEF7D218D418700841A98 /* Frameworks */ = {
			isa = PBXFrameworksBuildPhase;
			buildActionMask = 2147483647;
			files = (
				664A5FFB02BFF9A94A26BB4F /* libPods-TradeMeBrowse.a in Frameworks */,
				53B60C627911E916EEE7FCB8 /* libPods-TradeMeBrowse.a in Frameworks */,
			);
			runOnlyForDeploymentPostprocessing = 0;
		};
		9CBB091C21917DF200213185 /* Frameworks */ = {
			isa = PBXFrameworksBuildPhase;
			buildActionMask = 2147483647;
			files = (
				6B342E4407C7C59BDB0CCD02 /* libPods-TradeMeBrowseTests.a in Frameworks */,
			);
			runOnlyForDeploymentPostprocessing = 0;
		};
/* End PBXFrameworksBuildPhase section */

/* Begin PBXGroup section */
		9C9EEF77218D418700841A98 = {
			isa = PBXGroup;
			children = (
				9C9EEF82218D418700841A98 /* TradeMeBrowse */,
				9CBB092021917DF200213185 /* TradeMeBrowseTests */,
				9C9EEF81218D418700841A98 /* Products */,
				C651BDE842773720024AC52C /* Pods */,
				C8C4D58AE09AD5BCE622D20F /* Frameworks */,
			);
			sourceTree = "<group>";
		};
		9C9EEF81218D418700841A98 /* Products */ = {
			isa = PBXGroup;
			children = (
				9C9EEF80218D418700841A98 /* TradeMeBrowse.app */,
				9CBB091F21917DF200213185 /* TradeMeBrowseTests.xctest */,
			);
			name = Products;
			sourceTree = "<group>";
		};
		9C9EEF82218D418700841A98 /* TradeMeBrowse */ = {
			isa = PBXGroup;
			children = (
				9C9EEF97218D694D00841A98 /* Model */,
				9C9EEF9B218D6AC800841A98 /* UI */,
				9C9EEF83218D418700841A98 /* AppDelegate.swift */,
				9C9EEF8F218D418900841A98 /* Info.plist */,
				9C9EEF95218D490600841A98 /* Script.sh */,
			);
			path = TradeMeBrowse;
			sourceTree = "<group>";
		};
		9C9EEF97218D694D00841A98 /* Model */ = {
			isa = PBXGroup;
			children = (
				9C9EEFAE218DC3FF00841A98 /* ModelManager.swift */,
				9C9EEF98218D697A00841A98 /* CategoryModel.swift */,
				9C9EEF9C218D7BF800841A98 /* ListingModel.swift */,
				9CBB090621915A3300213185 /* ItemDetailsModel.swift */,
			);
			path = Model;
			sourceTree = "<group>";
		};
		9C9EEF9B218D6AC800841A98 /* UI */ = {
			isa = PBXGroup;
			children = (
				9C9EEFA0218D838A00841A98 /* HomeViewController.swift */,
				9C2FF363218E765E0098072B /* ListingViewController.swift */,
				9CBB0919219167D200213185 /* DetailsViewController.swift */,
				9C9EEF87218D418700841A98 /* Main.storyboard */,
				9C9EEFA6218D8A7E00841A98 /* ContentLayout.swift */,
				9C9EEFA2218D85D900841A98 /* CategoryCell.swift */,
				9C9EEFAC218DBF3100841A98 /* CategoryCell.xib */,
				9C2FF365218E92030098072B /* ListDetailCell.swift */,
				9C2FF366218E92030098072B /* ListDetailCell.xib */,
				9C9EEF8A218D418900841A98 /* Assets.xcassets */,
				9C9EEF8C218D418900841A98 /* LaunchScreen.storyboard */,
			);
			path = UI;
			sourceTree = "<group>";
		};
		9CBB092021917DF200213185 /* TradeMeBrowseTests */ = {
			isa = PBXGroup;
			children = (
				9CBB092121917DF200213185 /* TradeMeBrowseTests.swift */,
				9CBB092321917DF200213185 /* Info.plist */,
			);
			path = TradeMeBrowseTests;
			sourceTree = "<group>";
		};
		C651BDE842773720024AC52C /* Pods */ = {
			isa = PBXGroup;
			children = (
				F0F6206FE8ACB29464C90D51 /* Pods-TradeMeBrowse.debug.xcconfig */,
				67352640E3FF050EC551E12F /* Pods-TradeMeBrowse.release.xcconfig */,
				7491FA24D5411014357FD67B /* Pods-TradeMeBrowseTests.debug.xcconfig */,
				D4C67AF7E2D03166946695ED /* Pods-TradeMeBrowseTests.release.xcconfig */,
			);
			name = Pods;
			sourceTree = "<group>";
		};
		C8C4D58AE09AD5BCE622D20F /* Frameworks */ = {
			isa = PBXGroup;
			children = (
				9CBB092D2191804B00213185 /* libAlamofireImage.a */,
				9CBB092B21917EC300213185 /* libAlamofire.a */,
				9CBB092921917E0F00213185 /* libPods-TradeMeBrowse.a */,
				EC471FBE42AEE4F9BF044B43 /* libPods-TradeMeBrowse.a */,
				627F8D42D454B52E23537ECB /* libPods-TradeMeBrowseTests.a */,
			);
			name = Frameworks;
			sourceTree = "<group>";
		};
/* End PBXGroup section */

/* Begin PBXNativeTarget section */
		9C9EEF7F218D418700841A98 /* TradeMeBrowse */ = {
			isa = PBXNativeTarget;
			buildConfigurationList = 9C9EEF92218D418900841A98 /* Build configuration list for PBXNativeTarget "TradeMeBrowse" */;
			buildPhases = (
				CAFA33A1490E1AF2C7B5D84F /* [CP] Check Pods Manifest.lock */,
				9C9EEF7C218D418700841A98 /* Sources */,
				9C9EEF7D218D418700841A98 /* Frameworks */,
				9C9EEF7E218D418700841A98 /* Resources */,
			);
			buildRules = (
			);
			dependencies = (
			);
			name = TradeMeBrowse;
			productName = TradeMeBrowse;
			productReference = 9C9EEF80218D418700841A98 /* TradeMeBrowse.app */;
			productType = "com.apple.product-type.application";
		};
		9CBB091E21917DF200213185 /* TradeMeBrowseTests */ = {
			isa = PBXNativeTarget;
			buildConfigurationList = 9CBB092621917DF200213185 /* Build configuration list for PBXNativeTarget "TradeMeBrowseTests" */;
			buildPhases = (
				D545D782C9B3B9C6D4EB30E4 /* [CP] Check Pods Manifest.lock */,
				9CBB091B21917DF200213185 /* Sources */,
				9CBB091C21917DF200213185 /* Frameworks */,
				9CBB091D21917DF200213185 /* Resources */,
			);
			buildRules = (
			);
			dependencies = (
				9CBB092521917DF200213185 /* PBXTargetDependency */,
			);
			name = TradeMeBrowseTests;
			productName = TradeMeBrowseTests;
			productReference = 9CBB091F21917DF200213185 /* TradeMeBrowseTests.xctest */;
			productType = "com.apple.product-type.bundle.unit-test";
		};
/* End PBXNativeTarget section */

/* Begin PBXProject section */
		9C9EEF78218D418700841A98 /* Project object */ = {
			isa = PBXProject;
			attributes = {
				LastSwiftUpdateCheck = 1010;
				LastUpgradeCheck = 1010;
				ORGANIZATIONNAME = nickjiang;
				TargetAttributes = {
					9C9EEF7F218D418700841A98 = {
						CreatedOnToolsVersion = 10.1;
					};
					9CBB091E21917DF200213185 = {
						CreatedOnToolsVersion = 10.1;
						TestTargetID = 9C9EEF7F218D418700841A98;
					};
				};
			};
			buildConfigurationList = 9C9EEF7B218D418700841A98 /* Build configuration list for PBXProject "TradeMeBrowse" */;
			compatibilityVersion = "Xcode 9.3";
			developmentRegion = en;
			hasScannedForEncodings = 0;
			knownRegions = (
				en,
				Base,
			);
			mainGroup = 9C9EEF77218D418700841A98;
			productRefGroup = 9C9EEF81218D418700841A98 /* Products */;
			projectDirPath = "";
			projectRoot = "";
			targets = (
				9C9EEF7F218D418700841A98 /* TradeMeBrowse */,
				9CBB091E21917DF200213185 /* TradeMeBrowseTests */,
			);
		};
/* End PBXProject section */

/* Begin PBXResourcesBuildPhase section */
		9C9EEF7E218D418700841A98 /* Resources */ = {
			isa = PBXResourcesBuildPhase;
			buildActionMask = 2147483647;
			files = (
				9C9EEFAD218DBF3100841A98 /* CategoryCell.xib in Resources */,
				9C9EEF8E218D418900841A98 /* LaunchScreen.storyboard in Resources */,
				9C9EEF8B218D418900841A98 /* Assets.xcassets in Resources */,
				9C9EEF89218D418700841A98 /* Main.storyboard in Resources */,
				9C2FF368218E92030098072B /* ListDetailCell.xib in Resources */,
				9C9EEF96218D490600841A98 /* Script.sh in Resources */,
			);
			runOnlyForDeploymentPostprocessing = 0;
		};
		9CBB091D21917DF200213185 /* Resources */ = {
			isa = PBXResourcesBuildPhase;
			buildActionMask = 2147483647;
			files = (
			);
			runOnlyForDeploymentPostprocessing = 0;
		};
/* End PBXResourcesBuildPhase section */

/* Begin PBXShellScriptBuildPhase section */
		CAFA33A1490E1AF2C7B5D84F /* [CP] Check Pods Manifest.lock */ = {
			isa = PBXShellScriptBuildPhase;
			buildActionMask = 2147483647;
			files = (
			);
			inputFileListPaths = (
			);
			inputPaths = (
				"${PODS_PODFILE_DIR_PATH}/Podfile.lock",
				"${PODS_ROOT}/Manifest.lock",
			);
			name = "[CP] Check Pods Manifest.lock";
			outputFileListPaths = (
			);
			outputPaths = (
				"$(DERIVED_FILE_DIR)/Pods-TradeMeBrowse-checkManifestLockResult.txt",
			);
			runOnlyForDeploymentPostprocessing = 0;
			shellPath = /bin/sh;
			shellScript = "diff \"${PODS_PODFILE_DIR_PATH}/Podfile.lock\" \"${PODS_ROOT}/Manifest.lock\" > /dev/null\nif [ $? != 0 ] ; then\n    # print error to STDERR\n    echo \"error: The sandbox is not in sync with the Podfile.lock. Run 'pod install' or update your CocoaPods installation.\" >&2\n    exit 1\nfi\n# This output is used by Xcode 'outputs' to avoid re-running this script phase.\necho \"SUCCESS\" > \"${SCRIPT_OUTPUT_FILE_0}\"\n";
			showEnvVarsInLog = 0;
		};
		D545D782C9B3B9C6D4EB30E4 /* [CP] Check Pods Manifest.lock */ = {
			isa = PBXShellScriptBuildPhase;
			buildActionMask = 2147483647;
			files = (
			);
			inputFileListPaths = (
			);
			inputPaths = (
				"${PODS_PODFILE_DIR_PATH}/Podfile.lock",
				"${PODS_ROOT}/Manifest.lock",
			);
			name = "[CP] Check Pods Manifest.lock";
			outputFileListPaths = (
			);
			outputPaths = (
				"$(DERIVED_FILE_DIR)/Pods-TradeMeBrowseTests-checkManifestLockResult.txt",
			);
			runOnlyForDeploymentPostprocessing = 0;
			shellPath = /bin/sh;
			shellScript = "diff \"${PODS_PODFILE_DIR_PATH}/Podfile.lock\" \"${PODS_ROOT}/Manifest.lock\" > /dev/null\nif [ $? != 0 ] ; then\n    # print error to STDERR\n    echo \"error: The sandbox is not in sync with the Podfile.lock. Run 'pod install' or update your CocoaPods installation.\" >&2\n    exit 1\nfi\n# This output is used by Xcode 'outputs' to avoid re-running this script phase.\necho \"SUCCESS\" > \"${SCRIPT_OUTPUT_FILE_0}\"\n";
			showEnvVarsInLog = 0;
		};
/* End PBXShellScriptBuildPhase section */

/* Begin PBXSourcesBuildPhase section */
		9C9EEF7C218D418700841A98 /* Sources */ = {
			isa = PBXSourcesBuildPhase;
			buildActionMask = 2147483647;
			files = (
				9C9EEFA7218D8A7E00841A98 /* ContentLayout.swift in Sources */,
				9C9EEFAF218DC3FF00841A98 /* ModelManager.swift in Sources */,
				9C9EEFA1218D838A00841A98 /* HomeViewController.swift in Sources */,
				9CBB091A219167D200213185 /* DetailsViewController.swift in Sources */,
				9C9EEF9D218D7BF800841A98 /* ListingModel.swift in Sources */,
				9C2FF367218E92030098072B /* ListDetailCell.swift in Sources */,
				9C9EEF99218D697A00841A98 /* CategoryModel.swift in Sources */,
				9C9EEF84218D418700841A98 /* AppDelegate.swift in Sources */,
				9C9EEFA4218D85D900841A98 /* CategoryCell.swift in Sources */,
				9C2FF364218E765E0098072B /* ListingViewController.swift in Sources */,
				9CBB090721915A3300213185 /* ItemDetailsModel.swift in Sources */,
			);
			runOnlyForDeploymentPostprocessing = 0;
		};
		9CBB091B21917DF200213185 /* Sources */ = {
			isa = PBXSourcesBuildPhase;
			buildActionMask = 2147483647;
			files = (
				9CBB092221917DF200213185 /* TradeMeBrowseTests.swift in Sources */,
			);
			runOnlyForDeploymentPostprocessing = 0;
		};
/* End PBXSourcesBuildPhase section */

/* Begin PBXTargetDependency section */
		9CBB092521917DF200213185 /* PBXTargetDependency */ = {
			isa = PBXTargetDependency;
			target = 9C9EEF7F218D418700841A98 /* TradeMeBrowse */;
			targetProxy = 9CBB092421917DF200213185 /* PBXContainerItemProxy */;
		};
/* End PBXTargetDependency section */

/* Begin PBXVariantGroup section */
		9C9EEF87218D418700841A98 /* Main.storyboard */ = {
			isa = PBXVariantGroup;
			children = (
				9C9EEF88218D418700841A98 /* Base */,
			);
			name = Main.storyboard;
			sourceTree = "<group>";
		};
		9C9EEF8C218D418900841A98 /* LaunchScreen.storyboard */ = {
			isa = PBXVariantGroup;
			children = (
				9C9EEF8D218D418900841A98 /* Base */,
			);
			name = LaunchScreen.storyboard;
			sourceTree = "<group>";
		};
/* End PBXVariantGroup section */

/* Begin XCBuildConfiguration section */
		9C9EEF90218D418900841A98 /* Debug */ = {
			isa = XCBuildConfiguration;
			buildSettings = {
				ALWAYS_SEARCH_USER_PATHS = NO;
				CLANG_ANALYZER_NONNULL = YES;
				CLANG_ANALYZER_NUMBER_OBJECT_CONVERSION = YES_AGGRESSIVE;
				CLANG_CXX_LANGUAGE_STANDARD = "gnu++14";
				CLANG_CXX_LIBRARY = "libc++";
				CLANG_ENABLE_MODULES = YES;
				CLANG_ENABLE_OBJC_ARC = YES;
				CLANG_ENABLE_OBJC_WEAK = YES;
				CLANG_WARN_BLOCK_CAPTURE_AUTORELEASING = YES;
				CLANG_WARN_BOOL_CONVERSION = YES;
				CLANG_WARN_COMMA = YES;
				CLANG_WARN_CONSTANT_CONVERSION = YES;
				CLANG_WARN_DEPRECATED_OBJC_IMPLEMENTATIONS = YES;
				CLANG_WARN_DIRECT_OBJC_ISA_USAGE = YES_ERROR;
				CLANG_WARN_DOCUMENTATION_COMMENTS = YES;
				CLANG_WARN_EMPTY_BODY = YES;
				CLANG_WARN_ENUM_CONVERSION = YES;
				CLANG_WARN_INFINITE_RECURSION = YES;
				CLANG_WARN_INT_CONVERSION = YES;
				CLANG_WARN_NON_LITERAL_NULL_CONVERSION = YES;
				CLANG_WARN_OBJC_IMPLICIT_RETAIN_SELF = YES;
				CLANG_WARN_OBJC_LITERAL_CONVERSION = YES;
				CLANG_WARN_OBJC_ROOT_CLASS = YES_ERROR;
				CLANG_WARN_RANGE_LOOP_ANALYSIS = YES;
				CLANG_WARN_STRICT_PROTOTYPES = YES;
				CLANG_WARN_SUSPICIOUS_MOVE = YES;
				CLANG_WARN_UNGUARDED_AVAILABILITY = YES_AGGRESSIVE;
				CLANG_WARN_UNREACHABLE_CODE = YES;
				CLANG_WARN__DUPLICATE_METHOD_MATCH = YES;
				CODE_SIGN_IDENTITY = "iPhone Developer";
				COPY_PHASE_STRIP = NO;
				DEBUG_INFORMATION_FORMAT = dwarf;
				ENABLE_STRICT_OBJC_MSGSEND = YES;
				ENABLE_TESTABILITY = YES;
				GCC_C_LANGUAGE_STANDARD = gnu11;
				GCC_DYNAMIC_NO_PIC = NO;
				GCC_NO_COMMON_BLOCKS = YES;
				GCC_OPTIMIZATION_LEVEL = 0;
				GCC_PREPROCESSOR_DEFINITIONS = (
					"DEBUG=1",
					"$(inherited)",
				);
				GCC_WARN_64_TO_32_BIT_CONVERSION = YES;
				GCC_WARN_ABOUT_RETURN_TYPE = YES_ERROR;
				GCC_WARN_UNDECLARED_SELECTOR = YES;
				GCC_WARN_UNINITIALIZED_AUTOS = YES_AGGRESSIVE;
				GCC_WARN_UNUSED_FUNCTION = YES;
				GCC_WARN_UNUSED_VARIABLE = YES;
				IPHONEOS_DEPLOYMENT_TARGET = 12.1;
				MTL_ENABLE_DEBUG_INFO = INCLUDE_SOURCE;
				MTL_FAST_MATH = YES;
				ONLY_ACTIVE_ARCH = YES;
				SDKROOT = iphoneos;
				SWIFT_ACTIVE_COMPILATION_CONDITIONS = DEBUG;
				SWIFT_OPTIMIZATION_LEVEL = "-Onone";
			};
			name = Debug;
		};
		9C9EEF91218D418900841A98 /* Release */ = {
			isa = XCBuildConfiguration;
			buildSettings = {
				ALWAYS_SEARCH_USER_PATHS = NO;
				CLANG_ANALYZER_NONNULL = YES;
				CLANG_ANALYZER_NUMBER_OBJECT_CONVERSION = YES_AGGRESSIVE;
				CLANG_CXX_LANGUAGE_STANDARD = "gnu++14";
				CLANG_CXX_LIBRARY = "libc++";
				CLANG_ENABLE_MODULES = YES;
				CLANG_ENABLE_OBJC_ARC = YES;
				CLANG_ENABLE_OBJC_WEAK = YES;
				CLANG_WARN_BLOCK_CAPTURE_AUTORELEASING = YES;
				CLANG_WARN_BOOL_CONVERSION = YES;
				CLANG_WARN_COMMA = YES;
				CLANG_WARN_CONSTANT_CONVERSION = YES;
				CLANG_WARN_DEPRECATED_OBJC_IMPLEMENTATIONS = YES;
				CLANG_WARN_DIRECT_OBJC_ISA_USAGE = YES_ERROR;
				CLANG_WARN_DOCUMENTATION_COMMENTS = YES;
				CLANG_WARN_EMPTY_BODY = YES;
				CLANG_WARN_ENUM_CONVERSION = YES;
				CLANG_WARN_INFINITE_RECURSION = YES;
				CLANG_WARN_INT_CONVERSION = YES;
				CLANG_WARN_NON_LITERAL_NULL_CONVERSION = YES;
				CLANG_WARN_OBJC_IMPLICIT_RETAIN_SELF = YES;
				CLANG_WARN_OBJC_LITERAL_CONVERSION = YES;
				CLANG_WARN_OBJC_ROOT_CLASS = YES_ERROR;
				CLANG_WARN_RANGE_LOOP_ANALYSIS = YES;
				CLANG_WARN_STRICT_PROTOTYPES = YES;
				CLANG_WARN_SUSPICIOUS_MOVE = YES;
				CLANG_WARN_UNGUARDED_AVAILABILITY = YES_AGGRESSIVE;
				CLANG_WARN_UNREACHABLE_CODE = YES;
				CLANG_WARN__DUPLICATE_METHOD_MATCH = YES;
				CODE_SIGN_IDENTITY = "iPhone Developer";
				COPY_PHASE_STRIP = NO;
				DEBUG_INFORMATION_FORMAT = "dwarf-with-dsym";
				ENABLE_NS_ASSERTIONS = NO;
				ENABLE_STRICT_OBJC_MSGSEND = YES;
				GCC_C_LANGUAGE_STANDARD = gnu11;
				GCC_NO_COMMON_BLOCKS = YES;
				GCC_WARN_64_TO_32_BIT_CONVERSION = YES;
				GCC_WARN_ABOUT_RETURN_TYPE = YES_ERROR;
				GCC_WARN_UNDECLARED_SELECTOR = YES;
				GCC_WARN_UNINITIALIZED_AUTOS = YES_AGGRESSIVE;
				GCC_WARN_UNUSED_FUNCTION = YES;
				GCC_WARN_UNUSED_VARIABLE = YES;
				IPHONEOS_DEPLOYMENT_TARGET = 12.1;
				MTL_ENABLE_DEBUG_INFO = NO;
				MTL_FAST_MATH = YES;
				SDKROOT = iphoneos;
				SWIFT_COMPILATION_MODE = wholemodule;
				SWIFT_OPTIMIZATION_LEVEL = "-O";
				VALIDATE_PRODUCT = YES;
			};
			name = Release;
		};
		9C9EEF93218D418900841A98 /* Debug */ = {
			isa = XCBuildConfiguration;
			baseConfigurationReference = F0F6206FE8ACB29464C90D51 /* Pods-TradeMeBrowse.debug.xcconfig */;
			buildSettings = {
				ASSETCATALOG_COMPILER_APPICON_NAME = AppIcon;
				CODE_SIGN_STYLE = Automatic;
				INFOPLIST_FILE = TradeMeBrowse/Info.plist;
				LD_RUNPATH_SEARCH_PATHS = (
					"$(inherited)",
					"@executable_path/Frameworks",
				);
				PRODUCT_BUNDLE_IDENTIFIER = nickjiang.TradeMeBrowse;
				PRODUCT_NAME = "$(TARGET_NAME)";
				SWIFT_VERSION = 4.2;
				TARGETED_DEVICE_FAMILY = "1,2";
			};
			name = Debug;
		};
		9C9EEF94218D418900841A98 /* Release */ = {
			isa = XCBuildConfiguration;
			baseConfigurationReference = 67352640E3FF050EC551E12F /* Pods-TradeMeBrowse.release.xcconfig */;
			buildSettings = {
				ASSETCATALOG_COMPILER_APPICON_NAME = AppIcon;
				CODE_SIGN_STYLE = Automatic;
				INFOPLIST_FILE = TradeMeBrowse/Info.plist;
				LD_RUNPATH_SEARCH_PATHS = (
					"$(inherited)",
					"@executable_path/Frameworks",
				);
				PRODUCT_BUNDLE_IDENTIFIER = nickjiang.TradeMeBrowse;
				PRODUCT_NAME = "$(TARGET_NAME)";
				SWIFT_VERSION = 4.2;
				TARGETED_DEVICE_FAMILY = "1,2";
			};
			name = Release;
		};
		9CBB092721917DF200213185 /* Debug */ = {
			isa = XCBuildConfiguration;
			baseConfigurationReference = 7491FA24D5411014357FD67B /* Pods-TradeMeBrowseTests.debug.xcconfig */;
			buildSettings = {
				BUNDLE_LOADER = "$(TEST_HOST)";
				CODE_SIGN_STYLE = Automatic;
				INFOPLIST_FILE = TradeMeBrowseTests/Info.plist;
				LD_RUNPATH_SEARCH_PATHS = (
					"$(inherited)",
					"@executable_path/Frameworks",
					"@loader_path/Frameworks",
				);
				PRODUCT_BUNDLE_IDENTIFIER = nickjiang.TradeMeBrowseTests;
				PRODUCT_NAME = "$(TARGET_NAME)";
				SWIFT_VERSION = 4.2;
				TARGETED_DEVICE_FAMILY = "1,2";
				TEST_HOST = "$(BUILT_PRODUCTS_DIR)/TradeMeBrowse.app/TradeMeBrowse";
			};
			name = Debug;
		};
		9CBB092821917DF200213185 /* Release */ = {
			isa = XCBuildConfiguration;
			baseConfigurationReference = D4C67AF7E2D03166946695ED /* Pods-TradeMeBrowseTests.release.xcconfig */;
			buildSettings = {
				BUNDLE_LOADER = "$(TEST_HOST)";
				CODE_SIGN_STYLE = Automatic;
				INFOPLIST_FILE = TradeMeBrowseTests/Info.plist;
				LD_RUNPATH_SEARCH_PATHS = (
					"$(inherited)",
					"@executable_path/Frameworks",
					"@loader_path/Frameworks",
				);
				PRODUCT_BUNDLE_IDENTIFIER = nickjiang.TradeMeBrowseTests;
				PRODUCT_NAME = "$(TARGET_NAME)";
				SWIFT_VERSION = 4.2;
				TARGETED_DEVICE_FAMILY = "1,2";
				TEST_HOST = "$(BUILT_PRODUCTS_DIR)/TradeMeBrowse.app/TradeMeBrowse";
			};
			name = Release;
		};
/* End XCBuildConfiguration section */

/* Begin XCConfigurationList section */
		9C9EEF7B218D418700841A98 /* Build configuration list for PBXProject "TradeMeBrowse" */ = {
			isa = XCConfigurationList;
			buildConfigurations = (
				9C9EEF90218D418900841A98 /* Debug */,
				9C9EEF91218D418900841A98 /* Release */,
			);
			defaultConfigurationIsVisible = 0;
			defaultConfigurationName = Release;
		};
		9C9EEF92218D418900841A98 /* Build configuration list for PBXNativeTarget "TradeMeBrowse" */ = {
			isa = XCConfigurationList;
			buildConfigurations = (
				9C9EEF93218D418900841A98 /* Debug */,
				9C9EEF94218D418900841A98 /* Release */,
			);
			defaultConfigurationIsVisible = 0;
			defaultConfigurationName = Release;
		};
		9CBB092621917DF200213185 /* Build configuration list for PBXNativeTarget "TradeMeBrowseTests" */ = {
			isa = XCConfigurationList;
			buildConfigurations = (
				9CBB092721917DF200213185 /* Debug */,
				9CBB092821917DF200213185 /* Release */,
			);
			defaultConfigurationIsVisible = 0;
			defaultConfigurationName = Release;
		};
/* End XCConfigurationList section */
	};
	rootObject = 9C9EEF78218D418700841A98 /* Project object */;
}
